
Microsoft Visual Studio Solution File, Format Version 12.00
# Visual Studio Version 16
VisualStudioVersion = 16.0.808.8
MinimumVisualStudioVersion = 10.0.40219.1
Project("{FAE04EC0-301F-11D3-BF4B-00C04F79EFBC}") = "currencies", "currencies\currencies.csproj", "{79D0C260-ECC4-442E-A8AB-9A7F69CA308A}"
EndProject
Global
	GlobalSection(SolutionConfigurationPlatforms) = preSolution
		Debug|Any CPU = Debug|Any CPU
		Release|Any CPU = Release|Any CPU
	EndGlobalSection
	GlobalSection(ProjectConfigurationPlatforms) = postSolution
		{79D0C260-ECC4-442E-A8AB-9A7F69CA308A}.Debug|Any CPU.ActiveCfg = Debug|Any CPU
		{79D0C260-ECC4-442E-A8AB-9A7F69CA308A}.Debug|Any CPU.Build.0 = Debug|Any CPU
		{79D0C260-ECC4-442E-A8AB-9A7F69CA308A}.Release|Any CPU.ActiveCfg = Release|Any CPU
		{79D0C260-ECC4-442E-A8AB-9A7F69CA308A}.Release|Any CPU.Build.0 = Release|Any CPU
	EndGlobalSection
	GlobalSection(SolutionProperties) = preSolution
		HideSolutionNode = FALSE
	EndGlobalSection
	GlobalSection(ExtensibilityGlobals) = postSolution
		SolutionGuid = {40F88A0B-6B14-4168-8DAA-B15ABBC1D603}
	EndGlobalSection
EndGlobal
